
Microsoft Visual Studio Solution File, Format Version 12.00
# Visual Studio Version 16
VisualStudioVersion = 16.0.30011.22
MinimumVisualStudioVersion = 10.0.40219.1
Project("{FAE04EC0-301F-11D3-BF4B-00C04F79EFBC}") = "NetCoreProject", "NetCoreProject\NetCoreProject.csproj", "{EE041B14-F8D3-4542-AA2D-8D8BED89752F}"
EndProject
Global
	GlobalSection(SolutionConfigurationPlatforms) = preSolution
		Debug|Any CPU = Debug|Any CPU
		Release|Any CPU = Release|Any CPU
	EndGlobalSection
	GlobalSection(ProjectConfigurationPlatforms) = postSolution
		{EE041B14-F8D3-4542-AA2D-8D8BED89752F}.Debug|Any CPU.ActiveCfg = Debug|Any CPU
		{EE041B14-F8D3-4542-AA2D-8D8BED89752F}.Debug|Any CPU.Build.0 = Debug|Any CPU
		{EE041B14-F8D3-4542-AA2D-8D8BED89752F}.Release|Any CPU.ActiveCfg = Release|Any CPU
		{EE041B14-F8D3-4542-AA2D-8D8BED89752F}.Release|Any CPU.Build.0 = Release|Any CPU
	EndGlobalSection
	GlobalSection(SolutionProperties) = preSolution
		HideSolutionNode = FALSE
	EndGlobalSection
	GlobalSection(ExtensibilityGlobals) = postSolution
		SolutionGuid = {8E9E9820-60CC-4FD9-8FFC-DAE8DE531CA3}
	EndGlobalSection
EndGlobal
